
Microsoft Visual Studio Solution File, Format Version 12.00
# Visual Studio Version 17
VisualStudioVersion = 17.5.33502.453
MinimumVisualStudioVersion = 10.0.40219.1
Project("{9A19103F-16F7-4668-BE54-9A1E7A4F7556}") = "Projektarbeit", "ConsoleApp1\Projektarbeit.csproj", "{E172A355-2876-4F2D-9ED9-B8D3FC10DCAC}"
EndProject
Global
	GlobalSection(SolutionConfigurationPlatforms) = preSolution
		Debug|Any CPU = Debug|Any CPU
		Release|Any CPU = Release|Any CPU
	EndGlobalSection
	GlobalSection(ProjectConfigurationPlatforms) = postSolution
		{E172A355-2876-4F2D-9ED9-B8D3FC10DCAC}.Debug|Any CPU.ActiveCfg = Debug|Any CPU
		{E172A355-2876-4F2D-9ED9-B8D3FC10DCAC}.Debug|Any CPU.Build.0 = Debug|Any CPU
		{E172A355-2876-4F2D-9ED9-B8D3FC10DCAC}.Release|Any CPU.ActiveCfg = Release|Any CPU
		{E172A355-2876-4F2D-9ED9-B8D3FC10DCAC}.Release|Any CPU.Build.0 = Release|Any CPU
	EndGlobalSection
	GlobalSection(SolutionProperties) = preSolution
		HideSolutionNode = FALSE
	EndGlobalSection
	GlobalSection(ExtensibilityGlobals) = postSolution
		SolutionGuid = {6D3F731A-6227-4774-97B4-36E9EBF6B221}
	EndGlobalSection
EndGlobal
